// !$*UTF8*$!
{
	archiveVersion = 1;
	classes = {
	};
	objectVersion = 48;
	objects = {

/* Begin PBXBuildFile section */
		68215982202778B500DDE30F /* AppDelegate.swift in Sources */ = {isa = PBXBuildFile; fileRef = 68215981202778B500DDE30F /* AppDelegate.swift */; };
		68215984202778B500DDE30F /* ViewController.swift in Sources */ = {isa = PBXBuildFile; fileRef = 68215983202778B500DDE30F /* ViewController.swift */; };
		68215987202778B500DDE30F /* Main.storyboard in Resources */ = {isa = PBXBuildFile; fileRef = 68215985202778B500DDE30F /* Main.storyboard */; };
		68215989202778B500DDE30F /* Assets.xcassets in Resources */ = {isa = PBXBuildFile; fileRef = 68215988202778B500DDE30F /* Assets.xcassets */; };
		6821598C202778B500DDE30F /* LaunchScreen.storyboard in Resources */ = {isa = PBXBuildFile; fileRef = 6821598A202778B500DDE30F /* LaunchScreen.storyboard */; };
		68215997202778B500DDE30F /* ItuDareGameTests.swift in Sources */ = {isa = PBXBuildFile; fileRef = 68215996202778B500DDE30F /* ItuDareGameTests.swift */; };
		682159A2202778B600DDE30F /* ItuDareGameUITests.swift in Sources */ = {isa = PBXBuildFile; fileRef = 682159A1202778B600DDE30F /* ItuDareGameUITests.swift */; };
/* End PBXBuildFile section */

/* Begin PBXContainerItemProxy section */
		68215993202778B500DDE30F /* PBXContainerItemProxy */ = {
			isa = PBXContainerItemProxy;
			containerPortal = 68215976202778B500DDE30F /* Project object */;
			proxyType = 1;
			remoteGlobalIDString = 6821597D202778B500DDE30F;
			remoteInfo = ItuDareGame;
		};
		6821599E202778B600DDE30F /* PBXContainerItemProxy */ = {
			isa = PBXContainerItemProxy;
			containerPortal = 68215976202778B500DDE30F /* Project object */;
			proxyType = 1;
			remoteGlobalIDString = 6821597D202778B500DDE30F;
			remoteInfo = ItuDareGame;
		};
/* End PBXContainerItemProxy section */

/* Begin PBXFileReference section */
		6821597E202778B500DDE30F /* ItuDareGame.app */ = {isa = PBXFileReference; explicitFileType = wrapper.application; includeInIndex = 0; path = ItuDareGame.app; sourceTree = BUILT_PRODUCTS_DIR; };
		68215981202778B500DDE30F /* AppDelegate.swift */ = {isa = PBXFileReference; lastKnownFileType = sourcecode.swift; path = AppDelegate.swift; sourceTree = "<group>"; };
		68215983202778B500DDE30F /* ViewController.swift */ = {isa = PBXFileReference; lastKnownFileType = sourcecode.swift; path = ViewController.swift; sourceTree = "<group>"; };
		68215986202778B500DDE30F /* Base */ = {isa = PBXFileReference; lastKnownFileType = file.storyboard; name = Base; path = Base.lproj/Main.storyboard; sourceTree = "<group>"; };
		68215988202778B500DDE30F /* Assets.xcassets */ = {isa = PBXFileReference; lastKnownFileType = folder.assetcatalog; path = Assets.xcassets; sourceTree = "<group>"; };
		6821598B202778B500DDE30F /* Base */ = {isa = PBXFileReference; lastKnownFileType = file.storyboard; name = Base; path = Base.lproj/LaunchScreen.storyboard; sourceTree = "<group>"; };
		6821598D202778B500DDE30F /* Info.plist */ = {isa = PBXFileReference; lastKnownFileType = text.plist.xml; path = Info.plist; sourceTree = "<group>"; };
		68215992202778B500DDE30F /* ItuDareGameTests.xctest */ = {isa = PBXFileReference; explicitFileType = wrapper.cfbundle; includeInIndex = 0; path = ItuDareGameTests.xctest; sourceTree = BUILT_PRODUCTS_DIR; };
		68215996202778B500DDE30F /* ItuDareGameTests.swift */ = {isa = PBXFileReference; lastKnownFileType = sourcecode.swift; path = ItuDareGameTests.swift; sourceTree = "<group>"; };
		68215998202778B500DDE30F /* Info.plist */ = {isa = PBXFileReference; lastKnownFileType = text.plist.xml; path = Info.plist; sourceTree = "<group>"; };
		6821599D202778B600DDE30F /* ItuDareGameUITests.xctest */ = {isa = PBXFileReference; explicitFileType = wrapper.cfbundle; includeInIndex = 0; path = ItuDareGameUITests.xctest; sourceTree = BUILT_PRODUCTS_DIR; };
		682159A1202778B600DDE30F /* ItuDareGameUITests.swift */ = {isa = PBXFileReference; lastKnownFileType = sourcecode.swift; path = ItuDareGameUITests.swift; sourceTree = "<group>"; };
		682159A3202778B600DDE30F /* Info.plist */ = {isa = PBXFileReference; lastKnownFileType = text.plist.xml; path = Info.plist; sourceTree = "<group>"; };
/* End PBXFileReference section */

/* Begin PBXFrameworksBuildPhase section */
		6821597B202778B500DDE30F /* Frameworks */ = {
			isa = PBXFrameworksBuildPhase;
			buildActionMask = 2147483647;
			files = (
			);
			runOnlyForDeploymentPostprocessing = 0;
		};
		6821598F202778B500DDE30F /* Frameworks */ = {
			isa = PBXFrameworksBuildPhase;
			buildActionMask = 2147483647;
			files = (
			);
			runOnlyForDeploymentPostprocessing = 0;
		};
		6821599A202778B600DDE30F /* Frameworks */ = {
			isa = PBXFrameworksBuildPhase;
			buildActionMask = 2147483647;
			files = (
			);
			runOnlyForDeploymentPostprocessing = 0;
		};
/* End PBXFrameworksBuildPhase section */

/* Begin PBXGroup section */
		68215975202778B500DDE30F = {
			isa = PBXGroup;
			children = (
				68215980202778B500DDE30F /* ItuDareGame */,
				68215995202778B500DDE30F /* ItuDareGameTests */,
				682159A0202778B600DDE30F /* ItuDareGameUITests */,
				6821597F202778B500DDE30F /* Products */,
			);
			sourceTree = "<group>";
		};
		6821597F202778B500DDE30F /* Products */ = {
			isa = PBXGroup;
			children = (
				6821597E202778B500DDE30F /* ItuDareGame.app */,
				68215992202778B500DDE30F /* ItuDareGameTests.xctest */,
				6821599D202778B600DDE30F /* ItuDareGameUITests.xctest */,
			);
			name = Products;
			sourceTree = "<group>";
		};
		68215980202778B500DDE30F /* ItuDareGame */ = {
			isa = PBXGroup;
			children = (
				68215981202778B500DDE30F /* AppDelegate.swift */,
				68215983202778B500DDE30F /* ViewController.swift */,
				68215985202778B500DDE30F /* Main.storyboard */,
				68215988202778B500DDE30F /* Assets.xcassets */,
				6821598A202778B500DDE30F /* LaunchScreen.storyboard */,
				6821598D202778B500DDE30F /* Info.plist */,
			);
			path = ItuDareGame;
			sourceTree = "<group>";
		};
		68215995202778B500DDE30F /* ItuDareGameTests */ = {
			isa = PBXGroup;
			children = (
				68215996202778B500DDE30F /* ItuDareGameTests.swift */,
				68215998202778B500DDE30F /* Info.plist */,
			);
			path = ItuDareGameTests;
			sourceTree = "<group>";
		};
		682159A0202778B600DDE30F /* ItuDareGameUITests */ = {
			isa = PBXGroup;
			children = (
				682159A1202778B600DDE30F /* ItuDareGameUITests.swift */,
				682159A3202778B600DDE30F /* Info.plist */,
			);
			path = ItuDareGameUITests;
			sourceTree = "<group>";
		};
/* End PBXGroup section */

/* Begin PBXNativeTarget section */
		6821597D202778B500DDE30F /* ItuDareGame */ = {
			isa = PBXNativeTarget;
			buildConfigurationList = 682159A6202778B600DDE30F /* Build configuration list for PBXNativeTarget "ItuDareGame" */;
			buildPhases = (
				6821597A202778B500DDE30F /* Sources */,
				6821597B202778B500DDE30F /* Frameworks */,
				6821597C202778B500DDE30F /* Resources */,
			);
			buildRules = (
			);
			dependencies = (
			);
			name = ItuDareGame;
			productName = ItuDareGame;
			productReference = 6821597E202778B500DDE30F /* ItuDareGame.app */;
			productType = "com.apple.product-type.application";
		};
		68215991202778B500DDE30F /* ItuDareGameTests */ = {
			isa = PBXNativeTarget;
			buildConfigurationList = 682159A9202778B600DDE30F /* Build configuration list for PBXNativeTarget "ItuDareGameTests" */;
			buildPhases = (
				6821598E202778B500DDE30F /* Sources */,
				6821598F202778B500DDE30F /* Frameworks */,
				68215990202778B500DDE30F /* Resources */,
			);
			buildRules = (
			);
			dependencies = (
				68215994202778B500DDE30F /* PBXTargetDependency */,
			);
			name = ItuDareGameTests;
			productName = ItuDareGameTests;
			productReference = 68215992202778B500DDE30F /* ItuDareGameTests.xctest */;
			productType = "com.apple.product-type.bundle.unit-test";
		};
		6821599C202778B600DDE30F /* ItuDareGameUITests */ = {
			isa = PBXNativeTarget;
			buildConfigurationList = 682159AC202778B600DDE30F /* Build configuration list for PBXNativeTarget "ItuDareGameUITests" */;
			buildPhases = (
				68215999202778B600DDE30F /* Sources */,
				6821599A202778B600DDE30F /* Frameworks */,
				6821599B202778B600DDE30F /* Resources */,
			);
			buildRules = (
			);
			dependencies = (
				6821599F202778B600DDE30F /* PBXTargetDependency */,
			);
			name = ItuDareGameUITests;
			productName = ItuDareGameUITests;
			productReference = 6821599D202778B600DDE30F /* ItuDareGameUITests.xctest */;
			productType = "com.apple.product-type.bundle.ui-testing";
		};
/* End PBXNativeTarget section */

/* Begin PBXProject section */
		68215976202778B500DDE30F /* Project object */ = {
			isa = PBXProject;
			attributes = {
				LastSwiftUpdateCheck = 0920;
				LastUpgradeCheck = 0920;
				ORGANIZATIONNAME = "釜野由里佳";
				TargetAttributes = {
					6821597D202778B500DDE30F = {
						CreatedOnToolsVersion = 9.2;
						ProvisioningStyle = Automatic;
					};
					68215991202778B500DDE30F = {
						CreatedOnToolsVersion = 9.2;
						ProvisioningStyle = Automatic;
						TestTargetID = 6821597D202778B500DDE30F;
					};
					6821599C202778B600DDE30F = {
						CreatedOnToolsVersion = 9.2;
						ProvisioningStyle = Automatic;
						TestTargetID = 6821597D202778B500DDE30F;
					};
				};
			};
			buildConfigurationList = 68215979202778B500DDE30F /* Build configuration list for PBXProject "ItuDareGame" */;
			compatibilityVersion = "Xcode 8.0";
			developmentRegion = en;
			hasScannedForEncodings = 0;
			knownRegions = (
				en,
				Base,
			);
			mainGroup = 68215975202778B500DDE30F;
			productRefGroup = 6821597F202778B500DDE30F /* Products */;
			projectDirPath = "";
			projectRoot = "";
			targets = (
				6821597D202778B500DDE30F /* ItuDareGame */,
				68215991202778B500DDE30F /* ItuDareGameTests */,
				6821599C202778B600DDE30F /* ItuDareGameUITests */,
			);
		};
/* End PBXProject section */

/* Begin PBXResourcesBuildPhase section */
		6821597C202778B500DDE30F /* Resources */ = {
			isa = PBXResourcesBuildPhase;
			buildActionMask = 2147483647;
			files = (
				6821598C202778B500DDE30F /* LaunchScreen.storyboard in Resources */,
				68215989202778B500DDE30F /* Assets.xcassets in Resources */,
				68215987202778B500DDE30F /* Main.storyboard in Resources */,
			);
			runOnlyForDeploymentPostprocessing = 0;
		};
		68215990202778B500DDE30F /* Resources */ = {
			isa = PBXResourcesBuildPhase;
			buildActionMask = 2147483647;
			files = (
			);
			runOnlyForDeploymentPostprocessing = 0;
		};
		6821599B202778B600DDE30F /* Resources */ = {
			isa = PBXResourcesBuildPhase;
			buildActionMask = 2147483647;
			files = (
			);
			runOnlyForDeploymentPostprocessing = 0;
		};
/* End PBXResourcesBuildPhase section */

/* Begin PBXSourcesBuildPhase section */
		6821597A202778B500DDE30F /* Sources */ = {
			isa = PBXSourcesBuildPhase;
			buildActionMask = 2147483647;
			files = (
				68215984202778B500DDE30F /* ViewController.swift in Sources */,
				68215982202778B500DDE30F /* AppDelegate.swift in Sources */,
			);
			runOnlyForDeploymentPostprocessing = 0;
		};
		6821598E202778B500DDE30F /* Sources */ = {
			isa = PBXSourcesBuildPhase;
			buildActionMask = 2147483647;
			files = (
				68215997202778B500DDE30F /* ItuDareGameTests.swift in Sources */,
			);
			runOnlyForDeploymentPostprocessing = 0;
		};
		68215999202778B600DDE30F /* Sources */ = {
			isa = PBXSourcesBuildPhase;
			buildActionMask = 2147483647;
			files = (
				682159A2202778B600DDE30F /* ItuDareGameUITests.swift in Sources */,
			);
			runOnlyForDeploymentPostprocessing = 0;
		};
/* End PBXSourcesBuildPhase section */

/* Begin PBXTargetDependency section */
		68215994202778B500DDE30F /* PBXTargetDependency */ = {
			isa = PBXTargetDependency;
			target = 6821597D202778B500DDE30F /* ItuDareGame */;
			targetProxy = 68215993202778B500DDE30F /* PBXContainerItemProxy */;
		};
		6821599F202778B600DDE30F /* PBXTargetDependency */ = {
			isa = PBXTargetDependency;
			target = 6821597D202778B500DDE30F /* ItuDareGame */;
			targetProxy = 6821599E202778B600DDE30F /* PBXContainerItemProxy */;
		};
/* End PBXTargetDependency section */

/* Begin PBXVariantGroup section */
		68215985202778B500DDE30F /* Main.storyboard */ = {
			isa = PBXVariantGroup;
			children = (
				68215986202778B500DDE30F /* Base */,
			);
			name = Main.storyboard;
			sourceTree = "<group>";
		};
		6821598A202778B500DDE30F /* LaunchScreen.storyboard */ = {
			isa = PBXVariantGroup;
			children = (
				6821598B202778B500DDE30F /* Base */,
			);
			name = LaunchScreen.storyboard;
			sourceTree = "<group>";
		};
/* End PBXVariantGroup section */

/* Begin XCBuildConfiguration section */
		682159A4202778B600DDE30F /* Debug */ = {
			isa = XCBuildConfiguration;
			buildSettings = {
				ALWAYS_SEARCH_USER_PATHS = NO;
				CLANG_ANALYZER_NONNULL = YES;
				CLANG_ANALYZER_NUMBER_OBJECT_CONVERSION = YES_AGGRESSIVE;
				CLANG_CXX_LANGUAGE_STANDARD = "gnu++14";
				CLANG_CXX_LIBRARY = "libc++";
				CLANG_ENABLE_MODULES = YES;
				CLANG_ENABLE_OBJC_ARC = YES;
				CLANG_WARN_BLOCK_CAPTURE_AUTORELEASING = YES;
				CLANG_WARN_BOOL_CONVERSION = YES;
				CLANG_WARN_COMMA = YES;
				CLANG_WARN_CONSTANT_CONVERSION = YES;
				CLANG_WARN_DIRECT_OBJC_ISA_USAGE = YES_ERROR;
				CLANG_WARN_DOCUMENTATION_COMMENTS = YES;
				CLANG_WARN_EMPTY_BODY = YES;
				CLANG_WARN_ENUM_CONVERSION = YES;
				CLANG_WARN_INFINITE_RECURSION = YES;
				CLANG_WARN_INT_CONVERSION = YES;
				CLANG_WARN_NON_LITERAL_NULL_CONVERSION = YES;
				CLANG_WARN_OBJC_LITERAL_CONVERSION = YES;
				CLANG_WARN_OBJC_ROOT_CLASS = YES_ERROR;
				CLANG_WARN_RANGE_LOOP_ANALYSIS = YES;
				CLANG_WARN_STRICT_PROTOTYPES = YES;
				CLANG_WARN_SUSPICIOUS_MOVE = YES;
				CLANG_WARN_UNGUARDED_AVAILABILITY = YES_AGGRESSIVE;
				CLANG_WARN_UNREACHABLE_CODE = YES;
				CLANG_WARN__DUPLICATE_METHOD_MATCH = YES;
				CODE_SIGN_IDENTITY = "iPhone Developer";
				COPY_PHASE_STRIP = NO;
				DEBUG_INFORMATION_FORMAT = dwarf;
				ENABLE_STRICT_OBJC_MSGSEND = YES;
				ENABLE_TESTABILITY = YES;
				GCC_C_LANGUAGE_STANDARD = gnu11;
				GCC_DYNAMIC_NO_PIC = NO;
				GCC_NO_COMMON_BLOCKS = YES;
				GCC_OPTIMIZATION_LEVEL = 0;
				GCC_PREPROCESSOR_DEFINITIONS = (
					"DEBUG=1",
					"$(inherited)",
				);
				GCC_WARN_64_TO_32_BIT_CONVERSION = YES;
				GCC_WARN_ABOUT_RETURN_TYPE = YES_ERROR;
				GCC_WARN_UNDECLARED_SELECTOR = YES;
				GCC_WARN_UNINITIALIZED_AUTOS = YES_AGGRESSIVE;
				GCC_WARN_UNUSED_FUNCTION = YES;
				GCC_WARN_UNUSED_VARIABLE = YES;
				IPHONEOS_DEPLOYMENT_TARGET = 11.2;
				MTL_ENABLE_DEBUG_INFO = YES;
				ONLY_ACTIVE_ARCH = YES;
				SDKROOT = iphoneos;
				SWIFT_ACTIVE_COMPILATION_CONDITIONS = DEBUG;
				SWIFT_OPTIMIZATION_LEVEL = "-Onone";
			};
			name = Debug;
		};
		682159A5202778B600DDE30F /* Release */ = {
			isa = XCBuildConfiguration;
			buildSettings = {
				ALWAYS_SEARCH_USER_PATHS = NO;
				CLANG_ANALYZER_NONNULL = YES;
				CLANG_ANALYZER_NUMBER_OBJECT_CONVERSION = YES_AGGRESSIVE;
				CLANG_CXX_LANGUAGE_STANDARD = "gnu++14";
				CLANG_CXX_LIBRARY = "libc++";
				CLANG_ENABLE_MODULES = YES;
				CLANG_ENABLE_OBJC_ARC = YES;
				CLANG_WARN_BLOCK_CAPTURE_AUTORELEASING = YES;
				CLANG_WARN_BOOL_CONVERSION = YES;
				CLANG_WARN_COMMA = YES;
				CLANG_WARN_CONSTANT_CONVERSION = YES;
				CLANG_WARN_DIRECT_OBJC_ISA_USAGE = YES_ERROR;
				CLANG_WARN_DOCUMENTATION_COMMENTS = YES;
				CLANG_WARN_EMPTY_BODY = YES;
				CLANG_WARN_ENUM_CONVERSION = YES;
				CLANG_WARN_INFINITE_RECURSION = YES;
				CLANG_WARN_INT_CONVERSION = YES;
				CLANG_WARN_NON_LITERAL_NULL_CONVERSION = YES;
				CLANG_WARN_OBJC_LITERAL_CONVERSION = YES;
				CLANG_WARN_OBJC_ROOT_CLASS = YES_ERROR;
				CLANG_WARN_RANGE_LOOP_ANALYSIS = YES;
				CLANG_WARN_STRICT_PROTOTYPES = YES;
				CLANG_WARN_SUSPICIOUS_MOVE = YES;
				CLANG_WARN_UNGUARDED_AVAILABILITY = YES_AGGRESSIVE;
				CLANG_WARN_UNREACHABLE_CODE = YES;
				CLANG_WARN__DUPLICATE_METHOD_MATCH = YES;
				CODE_SIGN_IDENTITY = "iPhone Developer";
				COPY_PHASE_STRIP = NO;
				DEBUG_INFORMATION_FORMAT = "dwarf-with-dsym";
				ENABLE_NS_ASSERTIONS = NO;
				ENABLE_STRICT_OBJC_MSGSEND = YES;
				GCC_C_LANGUAGE_STANDARD = gnu11;
				GCC_NO_COMMON_BLOCKS = YES;
				GCC_WARN_64_TO_32_BIT_CONVERSION = YES;
				GCC_WARN_ABOUT_RETURN_TYPE = YES_ERROR;
				GCC_WARN_UNDECLARED_SELECTOR = YES;
				GCC_WARN_UNINITIALIZED_AUTOS = YES_AGGRESSIVE;
				GCC_WARN_UNUSED_FUNCTION = YES;
				GCC_WARN_UNUSED_VARIABLE = YES;
				IPHONEOS_DEPLOYMENT_TARGET = 11.2;
				MTL_ENABLE_DEBUG_INFO = NO;
				SDKROOT = iphoneos;
				SWIFT_OPTIMIZATION_LEVEL = "-Owholemodule";
				VALIDATE_PRODUCT = YES;
			};
			name = Release;
		};
		682159A7202778B600DDE30F /* Debug */ = {
			isa = XCBuildConfiguration;
			buildSettings = {
				ASSETCATALOG_COMPILER_APPICON_NAME = AppIcon;
				CODE_SIGN_STYLE = Automatic;
				INFOPLIST_FILE = ItuDareGame/Info.plist;
				LD_RUNPATH_SEARCH_PATHS = "$(inherited) @executable_path/Frameworks";
				PRODUCT_BUNDLE_IDENTIFIER = lifeistech.ItuDareGame;
				PRODUCT_NAME = "$(TARGET_NAME)";
				SWIFT_VERSION = 4.0;
				TARGETED_DEVICE_FAMILY = "1,2";
			};
			name = Debug;
		};
		682159A8202778B600DDE30F /* Release */ = {
			isa = XCBuildConfiguration;
			buildSettings = {
				ASSETCATALOG_COMPILER_APPICON_NAME = AppIcon;
				CODE_SIGN_STYLE = Automatic;
				INFOPLIST_FILE = ItuDareGame/Info.plist;
				LD_RUNPATH_SEARCH_PATHS = "$(inherited) @executable_path/Frameworks";
				PRODUCT_BUNDLE_IDENTIFIER = lifeistech.ItuDareGame;
				PRODUCT_NAME = "$(TARGET_NAME)";
				SWIFT_VERSION = 4.0;
				TARGETED_DEVICE_FAMILY = "1,2";
			};
			name = Release;
		};
		682159AA202778B600DDE30F /* Debug */ = {
			isa = XCBuildConfiguration;
			buildSettings = {
				ALWAYS_EMBED_SWIFT_STANDARD_LIBRARIES = YES;
				BUNDLE_LOADER = "$(TEST_HOST)";
				CODE_SIGN_STYLE = Automatic;
				INFOPLIST_FILE = ItuDareGameTests/Info.plist;
				LD_RUNPATH_SEARCH_PATHS = "$(inherited) @executable_path/Frameworks @loader_path/Frameworks";
				PRODUCT_BUNDLE_IDENTIFIER = lifeistech.ItuDareGameTests;
				PRODUCT_NAME = "$(TARGET_NAME)";
				SWIFT_VERSION = 4.0;
				TARGETED_DEVICE_FAMILY = "1,2";
				TEST_HOST = "$(BUILT_PRODUCTS_DIR)/ItuDareGame.app/ItuDareGame";
			};
			name = Debug;
		};
		682159AB202778B600DDE30F /* Release */ = {
			isa = XCBuildConfiguration;
			buildSettings = {
				ALWAYS_EMBED_SWIFT_STANDARD_LIBRARIES = YES;
				BUNDLE_LOADER = "$(TEST_HOST)";
				CODE_SIGN_STYLE = Automatic;
				INFOPLIST_FILE = ItuDareGameTests/Info.plist;
				LD_RUNPATH_SEARCH_PATHS = "$(inherited) @executable_path/Frameworks @loader_path/Frameworks";
				PRODUCT_BUNDLE_IDENTIFIER = lifeistech.ItuDareGameTests;
				PRODUCT_NAME = "$(TARGET_NAME)";
				SWIFT_VERSION = 4.0;
				TARGETED_DEVICE_FAMILY = "1,2";
				TEST_HOST = "$(BUILT_PRODUCTS_DIR)/ItuDareGame.app/ItuDareGame";
			};
			name = Release;
		};
		682159AD202778B600DDE30F /* Debug */ = {
			isa = XCBuildConfiguration;
			buildSettings = {
				ALWAYS_EMBED_SWIFT_STANDARD_LIBRARIES = YES;
				CODE_SIGN_STYLE = Automatic;
				INFOPLIST_FILE = ItuDareGameUITests/Info.plist;
				LD_RUNPATH_SEARCH_PATHS = "$(inherited) @executable_path/Frameworks @loader_path/Frameworks";
				PRODUCT_BUNDLE_IDENTIFIER = lifeistech.ItuDareGameUITests;
				PRODUCT_NAME = "$(TARGET_NAME)";
				SWIFT_VERSION = 4.0;
				TARGETED_DEVICE_FAMILY = "1,2";
				TEST_TARGET_NAME = ItuDareGame;
			};
			name = Debug;
		};
		682159AE202778B600DDE30F /* Release */ = {
			isa = XCBuildConfiguration;
			buildSettings = {
				ALWAYS_EMBED_SWIFT_STANDARD_LIBRARIES = YES;
				CODE_SIGN_STYLE = Automatic;
				INFOPLIST_FILE = ItuDareGameUITests/Info.plist;
				LD_RUNPATH_SEARCH_PATHS = "$(inherited) @executable_path/Frameworks @loader_path/Frameworks";
				PRODUCT_BUNDLE_IDENTIFIER = lifeistech.ItuDareGameUITests;
				PRODUCT_NAME = "$(TARGET_NAME)";
				SWIFT_VERSION = 4.0;
				TARGETED_DEVICE_FAMILY = "1,2";
				TEST_TARGET_NAME = ItuDareGame;
			};
			name = Release;
		};
/* End XCBuildConfiguration section */

/* Begin XCConfigurationList section */
		68215979202778B500DDE30F /* Build configuration list for PBXProject "ItuDareGame" */ = {
			isa = XCConfigurationList;
			buildConfigurations = (
				682159A4202778B600DDE30F /* Debug */,
				682159A5202778B600DDE30F /* Release */,
			);
			defaultConfigurationIsVisible = 0;
			defaultConfigurationName = Release;
		};
		682159A6202778B600DDE30F /* Build configuration list for PBXNativeTarget "ItuDareGame" */ = {
			isa = XCConfigurationList;
			buildConfigurations = (
				682159A7202778B600DDE30F /* Debug */,
				682159A8202778B600DDE30F /* Release */,
			);
			defaultConfigurationIsVisible = 0;
			defaultConfigurationName = Release;
		};
		682159A9202778B600DDE30F /* Build configuration list for PBXNativeTarget "ItuDareGameTests" */ = {
			isa = XCConfigurationList;
			buildConfigurations = (
				682159AA202778B600DDE30F /* Debug */,
				682159AB202778B600DDE30F /* Release */,
			);
			defaultConfigurationIsVisible = 0;
			defaultConfigurationName = Release;
		};
		682159AC202778B600DDE30F /* Build configuration list for PBXNativeTarget "ItuDareGameUITests" */ = {
			isa = XCConfigurationList;
			buildConfigurations = (
				682159AD202778B600DDE30F /* Debug */,
				682159AE202778B600DDE30F /* Release */,
			);
			defaultConfigurationIsVisible = 0;
			defaultConfigurationName = Release;
		};
/* End XCConfigurationList section */
	};
	rootObject = 68215976202778B500DDE30F /* Project object */;
}
